
Microsoft Visual Studio Solution File, Format Version 12.00
# Visual Studio 15
VisualStudioVersion = 15.0.28307.168
MinimumVisualStudioVersion = 10.0.40219.1
Project("{9A19103F-16F7-4668-BE54-9A1E7A4F7556}") = "PdfHelpers", "PdfHelpers\PdfHelpers.csproj", "{BC9EC9A0-E9AA-4DDA-8E99-8B58E1825B1A}"
EndProject
Project("{FAE04EC0-301F-11D3-BF4B-00C04F79EFBC}") = "PdfHelpers.Tests", "PdfHelpers.Tests\PdfHelpers.Tests.csproj", "{E57246ED-7709-4961-BB66-4BCF89717EFB}"
EndProject
Global
	GlobalSection(SolutionConfigurationPlatforms) = preSolution
		Debug|Any CPU = Debug|Any CPU
		Release|Any CPU = Release|Any CPU
	EndGlobalSection
	GlobalSection(ProjectConfigurationPlatforms) = postSolution
		{BC9EC9A0-E9AA-4DDA-8E99-8B58E1825B1A}.Debug|Any CPU.ActiveCfg = Debug|Any CPU
		{BC9EC9A0-E9AA-4DDA-8E99-8B58E1825B1A}.Debug|Any CPU.Build.0 = Debug|Any CPU
		{BC9EC9A0-E9AA-4DDA-8E99-8B58E1825B1A}.Release|Any CPU.ActiveCfg = Release|Any CPU
		{BC9EC9A0-E9AA-4DDA-8E99-8B58E1825B1A}.Release|Any CPU.Build.0 = Release|Any CPU
		{E57246ED-7709-4961-BB66-4BCF89717EFB}.Debug|Any CPU.ActiveCfg = Debug|Any CPU
		{E57246ED-7709-4961-BB66-4BCF89717EFB}.Debug|Any CPU.Build.0 = Debug|Any CPU
		{E57246ED-7709-4961-BB66-4BCF89717EFB}.Release|Any CPU.ActiveCfg = Release|Any CPU
		{E57246ED-7709-4961-BB66-4BCF89717EFB}.Release|Any CPU.Build.0 = Release|Any CPU
	EndGlobalSection
	GlobalSection(SolutionProperties) = preSolution
		HideSolutionNode = FALSE
	EndGlobalSection
	GlobalSection(ExtensibilityGlobals) = postSolution
		SolutionGuid = {E634B4DC-87DE-4669-9479-9AA7FC2F5F3D}
	EndGlobalSection
EndGlobal
